<?xml version="1.0" encoding="utf-8"?>
<Project ToolsVersion="4.0" xmlns="http://schemas.microsoft.com/developer/msbuild/2003">
  <ItemGroup>
    <Filter Include="Source Files">
      <UniqueIdentifier>{4FC737F1-C7A5-4376-A066-2A32D752A2FF}</UniqueIdentifier>
      <Extensions>cpp;cxx;c;def</Extensions>
    </Filter>
    <Filter Include="Header Files">
      <UniqueIdentifier>{93995380-89BD-4b04-88EB-625FBE52EBFB}</UniqueIdentifier>
      <Extensions>h</Extensions>
    </Filter>
    <Filter Include="Form Files">
      <UniqueIdentifier>{99349809-55BA-4b9d-BF79-8FDBB0286EB3}</UniqueIdentifier>
      <Extensions>ui</Extensions>
    </Filter>
    <Filter Include="Resource Files">
      <UniqueIdentifier>{D9D6E242-F8AF-46E4-B9FD-80ECBC20BA3E}</UniqueIdentifier>
      <Extensions>qrc;*</Extensions>
      <ParseFiles>false</ParseFiles>
    </Filter>
    <Filter Include="Generated Files">
      <UniqueIdentifier>{71ED8ED8-ACB9-4CE9-BBE1-E00B30144E11}</UniqueIdentifier>
      <Extensions>moc;h;cpp</Extensions>
      <SourceControlFiles>False</SourceControlFiles>
    </Filter>
    <Filter Include="Generated Files\Debug">
      <UniqueIdentifier>{5933ecd9-da2e-452f-8e2c-cf7e08d90e00}</UniqueIdentifier>
      <Extensions>cpp;moc</Extensions>
      <SourceControlFiles>False</SourceControlFiles>
    </Filter>
    <Filter Include="Generated Files\Release">
      <UniqueIdentifier>{159c2147-8373-4ec5-8b7f-3f5ed7863662}</UniqueIdentifier>
      <Extensions>cpp;moc</Extensions>
      <SourceControlFiles>False</SourceControlFiles>
    </Filter>
    <Filter Include="Utility">
      <UniqueIdentifier>{e75fe278-e2bd-43de-be3e-45624fc37f4b}</UniqueIdentifier>
    </Filter>
  </ItemGroup>
  <ItemGroup>
    <ClCompile Include="main.cpp">
      <Filter>Source Files</Filter>
    </ClCompile>
    <ClCompile Include="wymainwindow.cpp">
      <Filter>Source Files</Filter>
    </ClCompile>
    <ClCompile Include="GeneratedFiles\qrc_wymainwindow.cpp">
      <Filter>Generated Files</Filter>
    </ClCompile>
    <ClCompile Include="GeneratedFiles\Debug\moc_wymainwindow.cpp">
      <Filter>Generated Files\Debug</Filter>
    </ClCompile>
    <ClCompile Include="GeneratedFiles\Release\moc_wymainwindow.cpp">
      <Filter>Generated Files\Release</Filter>
    </ClCompile>
    <ClCompile Include="htPlatform_QT.cpp">
      <Filter>Utility</Filter>
    </ClCompile>
    <ClCompile Include="htShaderFunctions.cpp">
      <Filter>Utility</Filter>
    </ClCompile>
    <ClCompile Include="WYSceneWindow.cpp">
      <Filter>Source Files</Filter>
    </ClCompile>
    <ClCompile Include="GeneratedFiles\Debug\moc_WYSceneWindow.cpp">
      <Filter>Generated Files\Debug</Filter>
    </ClCompile>
    <ClCompile Include="GeneratedFiles\Release\moc_WYSceneWindow.cpp">
      <Filter>Generated Files\Release</Filter>
    </ClCompile>
    <ClCompile Include="WYGround.cpp">
      <Filter>Source Files</Filter>
    </ClCompile>
    <ClCompile Include="WYSky.cpp">
      <Filter>Source Files</Filter>
    </ClCompile>
    <ClCompile Include="WYSnake.cpp">
      <Filter>Source Files</Filter>
    </ClCompile>
  </ItemGroup>
  <ItemGroup>
    <CustomBuild Include="wymainwindow.h">
      <Filter>Header Files</Filter>
    </CustomBuild>
    <CustomBuild Include="wymainwindow.ui">
      <Filter>Form Files</Filter>
    </CustomBuild>
    <CustomBuild Include="wymainwindow.qrc">
      <Filter>Resource Files</Filter>
    </CustomBuild>
    <CustomBuild Include="htGLFunctions.h">
      <Filter>Utility</Filter>
    </CustomBuild>
    <CustomBuild Include="WYSceneWindow.h">
      <Filter>Header Files</Filter>
    </CustomBuild>
  </ItemGroup>
  <ItemGroup>
    <ClInclude Include="GeneratedFiles\ui_wymainwindow.h">
      <Filter>Generated Files</Filter>
    </ClInclude>
    <ClInclude Include="htPlatform_QT.h">
      <Filter>Utility</Filter>
    </ClInclude>
    <ClInclude Include="htMat.h">
      <Filter>Utility</Filter>
    </ClInclude>
    <ClInclude Include="htStaticAssert.h">
      <Filter>Utility</Filter>
    </ClInclude>
    <ClInclude Include="htVec.h">
      <Filter>Utility</Filter>
    </ClInclude>
    <ClInclude Include="htShaderFunctions.h">
      <Filter>Utility</Filter>
    </ClInclude>
    <ClInclude Include="WYGround.h">
      <Filter>Header Files</Filter>
    </ClInclude>
    <ClInclude Include="WYSky.h">
      <Filter>Header Files</Filter>
    </ClInclude>
    <ClInclude Include="WYStages.h">
      <Filter>Header Files</Filter>
    </ClInclude>
    <ClInclude Include="WYSnake.h">
      <Filter>Header Files</Filter>
    </ClInclude>
  </ItemGroup>
  <ItemGroup>
    <ResourceCompile Include="snake3d.rc" />
  </ItemGroup>
</Project>